
Microsoft Visual Studio Solution File, Format Version 12.00
# Visual Studio Version 17
VisualStudioVersion = 17.5.2.0
MinimumVisualStudioVersion = 10.0.40219.1
Project("{FAE04EC0-301F-11D3-BF4B-00C04F79EFBC}") = "leadgen", "leadgen.csproj", "{72FBC078-E6E2-B9FA-0558-421BC0CE347E}"
EndProject
Project("{FAE04EC0-301F-11D3-BF4B-00C04F79EFBC}") = "Leadgen.Model", "Leadgen.Model\Leadgen.Model.csproj", "{0999A0ED-9C9F-4042-8C41-13CC5148B838}"
EndProject
Global
	GlobalSection(SolutionConfigurationPlatforms) = preSolution
		Debug|Any CPU = Debug|Any CPU
		Debug|x64 = Debug|x64
		Debug|x86 = Debug|x86
		Release|Any CPU = Release|Any CPU
		Release|x64 = Release|x64
		Release|x86 = Release|x86
	EndGlobalSection
	GlobalSection(ProjectConfigurationPlatforms) = postSolution
		{72FBC078-E6E2-B9FA-0558-421BC0CE347E}.Debug|Any CPU.ActiveCfg = Debug|Any CPU
		{72FBC078-E6E2-B9FA-0558-421BC0CE347E}.Debug|Any CPU.Build.0 = Debug|Any CPU
		{72FBC078-E6E2-B9FA-0558-421BC0CE347E}.Debug|x64.ActiveCfg = Debug|Any CPU
		{72FBC078-E6E2-B9FA-0558-421BC0CE347E}.Debug|x64.Build.0 = Debug|Any CPU
		{72FBC078-E6E2-B9FA-0558-421BC0CE347E}.Debug|x86.ActiveCfg = Debug|Any CPU
		{72FBC078-E6E2-B9FA-0558-421BC0CE347E}.Debug|x86.Build.0 = Debug|Any CPU
		{72FBC078-E6E2-B9FA-0558-421BC0CE347E}.Release|Any CPU.ActiveCfg = Release|Any CPU
		{72FBC078-E6E2-B9FA-0558-421BC0CE347E}.Release|Any CPU.Build.0 = Release|Any CPU
		{72FBC078-E6E2-B9FA-0558-421BC0CE347E}.Release|x64.ActiveCfg = Release|Any CPU
		{72FBC078-E6E2-B9FA-0558-421BC0CE347E}.Release|x64.Build.0 = Release|Any CPU
		{72FBC078-E6E2-B9FA-0558-421BC0CE347E}.Release|x86.ActiveCfg = Release|Any CPU
		{72FBC078-E6E2-B9FA-0558-421BC0CE347E}.Release|x86.Build.0 = Release|Any CPU
		{0999A0ED-9C9F-4042-8C41-13CC5148B838}.Debug|Any CPU.ActiveCfg = Debug|Any CPU
		{0999A0ED-9C9F-4042-8C41-13CC5148B838}.Debug|Any CPU.Build.0 = Debug|Any CPU
		{0999A0ED-9C9F-4042-8C41-13CC5148B838}.Debug|x64.ActiveCfg = Debug|Any CPU
		{0999A0ED-9C9F-4042-8C41-13CC5148B838}.Debug|x64.Build.0 = Debug|Any CPU
		{0999A0ED-9C9F-4042-8C41-13CC5148B838}.Debug|x86.ActiveCfg = Debug|Any CPU
		{0999A0ED-9C9F-4042-8C41-13CC5148B838}.Debug|x86.Build.0 = Debug|Any CPU
		{0999A0ED-9C9F-4042-8C41-13CC5148B838}.Release|Any CPU.ActiveCfg = Release|Any CPU
		{0999A0ED-9C9F-4042-8C41-13CC5148B838}.Release|Any CPU.Build.0 = Release|Any CPU
		{0999A0ED-9C9F-4042-8C41-13CC5148B838}.Release|x64.ActiveCfg = Release|Any CPU
		{0999A0ED-9C9F-4042-8C41-13CC5148B838}.Release|x64.Build.0 = Release|Any CPU
		{0999A0ED-9C9F-4042-8C41-13CC5148B838}.Release|x86.ActiveCfg = Release|Any CPU
		{0999A0ED-9C9F-4042-8C41-13CC5148B838}.Release|x86.Build.0 = Release|Any CPU
	EndGlobalSection
	GlobalSection(SolutionProperties) = preSolution
		HideSolutionNode = FALSE
	EndGlobalSection
	GlobalSection(ExtensibilityGlobals) = postSolution
		SolutionGuid = {9F382903-3C18-4737-9C23-64CCD5445A9B}
	EndGlobalSection
EndGlobal
