
Microsoft Visual Studio Solution File, Format Version 12.00
# Ovim headerom označavam format solution datoteke kako bi je Visual Studio i .NET alati ispravno parsirali.
VisualStudioVersion = 17.5.2.0
MinimumVisualStudioVersion = 10.0.40219.1
Project("{FAE04EC0-301F-11D3-BF4B-00C04F79EFBC}") = "leadgen", "leadgen.csproj", "{72FBC078-E6E2-B9FA-0558-421BC0CE347E}"
EndProject
Project("{FAE04EC0-301F-11D3-BF4B-00C04F79EFBC}") = "leadgen.Tests", "leadgen.Tests\leadgen.Tests.csproj", "{C996E312-375A-4F1D-ABF0-0F202967AF91}"
EndProject
Global
	GlobalSection(SolutionConfigurationPlatforms) = preSolution
		Debug|Any CPU = Debug|Any CPU
		Debug|x64 = Debug|x64
		Debug|x86 = Debug|x86
		Release|Any CPU = Release|Any CPU
		Release|x64 = Release|x64
		Release|x86 = Release|x86
	EndGlobalSection
	GlobalSection(ProjectConfigurationPlatforms) = postSolution
		{72FBC078-E6E2-B9FA-0558-421BC0CE347E}.Debug|Any CPU.ActiveCfg = Debug|Any CPU
		{72FBC078-E6E2-B9FA-0558-421BC0CE347E}.Debug|Any CPU.Build.0 = Debug|Any CPU
		{72FBC078-E6E2-B9FA-0558-421BC0CE347E}.Debug|x64.ActiveCfg = Debug|Any CPU
		{72FBC078-E6E2-B9FA-0558-421BC0CE347E}.Debug|x64.Build.0 = Debug|Any CPU
		{72FBC078-E6E2-B9FA-0558-421BC0CE347E}.Debug|x86.ActiveCfg = Debug|Any CPU
		{72FBC078-E6E2-B9FA-0558-421BC0CE347E}.Debug|x86.Build.0 = Debug|Any CPU
		{72FBC078-E6E2-B9FA-0558-421BC0CE347E}.Release|Any CPU.ActiveCfg = Release|Any CPU
		{72FBC078-E6E2-B9FA-0558-421BC0CE347E}.Release|Any CPU.Build.0 = Release|Any CPU
		{72FBC078-E6E2-B9FA-0558-421BC0CE347E}.Release|x64.ActiveCfg = Release|Any CPU
		{72FBC078-E6E2-B9FA-0558-421BC0CE347E}.Release|x64.Build.0 = Release|Any CPU
		{72FBC078-E6E2-B9FA-0558-421BC0CE347E}.Release|x86.ActiveCfg = Release|Any CPU
		{72FBC078-E6E2-B9FA-0558-421BC0CE347E}.Release|x86.Build.0 = Release|Any CPU
		{C996E312-375A-4F1D-ABF0-0F202967AF91}.Debug|Any CPU.ActiveCfg = Debug|Any CPU
		{C996E312-375A-4F1D-ABF0-0F202967AF91}.Debug|Any CPU.Build.0 = Debug|Any CPU
		{C996E312-375A-4F1D-ABF0-0F202967AF91}.Debug|x64.ActiveCfg = Debug|Any CPU
		{C996E312-375A-4F1D-ABF0-0F202967AF91}.Debug|x64.Build.0 = Debug|Any CPU
		{C996E312-375A-4F1D-ABF0-0F202967AF91}.Debug|x86.ActiveCfg = Debug|Any CPU
		{C996E312-375A-4F1D-ABF0-0F202967AF91}.Debug|x86.Build.0 = Debug|Any CPU
		{C996E312-375A-4F1D-ABF0-0F202967AF91}.Release|Any CPU.ActiveCfg = Release|Any CPU
		{C996E312-375A-4F1D-ABF0-0F202967AF91}.Release|Any CPU.Build.0 = Release|Any CPU
		{C996E312-375A-4F1D-ABF0-0F202967AF91}.Release|x64.ActiveCfg = Release|Any CPU
		{C996E312-375A-4F1D-ABF0-0F202967AF91}.Release|x64.Build.0 = Release|Any CPU
		{C996E312-375A-4F1D-ABF0-0F202967AF91}.Release|x86.ActiveCfg = Release|Any CPU
		{C996E312-375A-4F1D-ABF0-0F202967AF91}.Release|x86.Build.0 = Release|Any CPU
	EndGlobalSection
	GlobalSection(SolutionProperties) = preSolution
		HideSolutionNode = FALSE
	EndGlobalSection
	GlobalSection(ExtensibilityGlobals) = postSolution
		SolutionGuid = {9F382903-3C18-4737-9C23-64CCD5445A9B}
	EndGlobalSection
EndGlobal
