
Microsoft Visual Studio Solution File, Format Version 12.00
# Visual Studio Version 17
VisualStudioVersion = 17.0.31903.59
MinimumVisualStudioVersion = 10.0.40219.1
Project("{2150E333-8FDC-42A3-9474-1A3956D46DE8}") = "src", "src", "{827E0CD3-B72D-47B6-A68D-7590B98EB39B}"
EndProject
Project("{FAE04EC0-301F-11D3-BF4B-00C04F79EFBC}") = "LeadGen.Core", "src\LeadGen.Core\LeadGen.Core.csproj", "{A8AB02D4-0324-4A90-8522-DC3F7AA6D8D8}"
EndProject
Project("{FAE04EC0-301F-11D3-BF4B-00C04F79EFBC}") = "LeadGen.Infrastructure", "src\LeadGen.Infrastructure\LeadGen.Infrastructure.csproj", "{61E471B3-F5EE-49E4-8584-DBF0D13424E7}"
EndProject
Project("{FAE04EC0-301F-11D3-BF4B-00C04F79EFBC}") = "LeadGen.Web", "src\LeadGen.Web\LeadGen.Web.csproj", "{91D655F6-2646-458A-BFAB-D5714E97AB4B}"
EndProject
Project("{FAE04EC0-301F-11D3-BF4B-00C04F79EFBC}") = "LeadGen.Mcp", "src\LeadGen.Mcp\LeadGen.Mcp.csproj", "{5337DCA4-F105-4033-BF7C-3C2C6591DA8B}"
EndProject
Project("{2150E333-8FDC-42A3-9474-1A3956D46DE8}") = "tests", "tests", "{0AB3BF05-4346-4AA6-1389-037BE0695223}"
EndProject
Project("{FAE04EC0-301F-11D3-BF4B-00C04F79EFBC}") = "LeadGen.Tests", "tests\LeadGen.Tests\LeadGen.Tests.csproj", "{8D4C275A-87C0-47A8-8E89-29C82B8D6B45}"
EndProject
Project("{FAE04EC0-301F-11D3-BF4B-00C04F79EFBC}") = "LeadGen.PlaywrightTests", "tests\LeadGen.PlaywrightTests\LeadGen.PlaywrightTests.csproj", "{2AF4C4AB-256C-4FF0-BFE8-347C4EE6037A}"
EndProject
Global
	GlobalSection(SolutionConfigurationPlatforms) = preSolution
		Debug|Any CPU = Debug|Any CPU
		Debug|x64 = Debug|x64
		Debug|x86 = Debug|x86
		Release|Any CPU = Release|Any CPU
		Release|x64 = Release|x64
		Release|x86 = Release|x86
	EndGlobalSection
	GlobalSection(ProjectConfigurationPlatforms) = postSolution
		{A8AB02D4-0324-4A90-8522-DC3F7AA6D8D8}.Debug|Any CPU.ActiveCfg = Debug|Any CPU
		{A8AB02D4-0324-4A90-8522-DC3F7AA6D8D8}.Debug|Any CPU.Build.0 = Debug|Any CPU
		{A8AB02D4-0324-4A90-8522-DC3F7AA6D8D8}.Debug|x64.ActiveCfg = Debug|Any CPU
		{A8AB02D4-0324-4A90-8522-DC3F7AA6D8D8}.Debug|x64.Build.0 = Debug|Any CPU
		{A8AB02D4-0324-4A90-8522-DC3F7AA6D8D8}.Debug|x86.ActiveCfg = Debug|Any CPU
		{A8AB02D4-0324-4A90-8522-DC3F7AA6D8D8}.Debug|x86.Build.0 = Debug|Any CPU
		{A8AB02D4-0324-4A90-8522-DC3F7AA6D8D8}.Release|Any CPU.ActiveCfg = Release|Any CPU
		{A8AB02D4-0324-4A90-8522-DC3F7AA6D8D8}.Release|Any CPU.Build.0 = Release|Any CPU
		{A8AB02D4-0324-4A90-8522-DC3F7AA6D8D8}.Release|x64.ActiveCfg = Release|Any CPU
		{A8AB02D4-0324-4A90-8522-DC3F7AA6D8D8}.Release|x64.Build.0 = Release|Any CPU
		{A8AB02D4-0324-4A90-8522-DC3F7AA6D8D8}.Release|x86.ActiveCfg = Release|Any CPU
		{A8AB02D4-0324-4A90-8522-DC3F7AA6D8D8}.Release|x86.Build.0 = Release|Any CPU
		{61E471B3-F5EE-49E4-8584-DBF0D13424E7}.Debug|Any CPU.ActiveCfg = Debug|Any CPU
		{61E471B3-F5EE-49E4-8584-DBF0D13424E7}.Debug|Any CPU.Build.0 = Debug|Any CPU
		{61E471B3-F5EE-49E4-8584-DBF0D13424E7}.Debug|x64.ActiveCfg = Debug|Any CPU
		{61E471B3-F5EE-49E4-8584-DBF0D13424E7}.Debug|x64.Build.0 = Debug|Any CPU
		{61E471B3-F5EE-49E4-8584-DBF0D13424E7}.Debug|x86.ActiveCfg = Debug|Any CPU
		{61E471B3-F5EE-49E4-8584-DBF0D13424E7}.Debug|x86.Build.0 = Debug|Any CPU
		{61E471B3-F5EE-49E4-8584-DBF0D13424E7}.Release|Any CPU.ActiveCfg = Release|Any CPU
		{61E471B3-F5EE-49E4-8584-DBF0D13424E7}.Release|Any CPU.Build.0 = Release|Any CPU
		{61E471B3-F5EE-49E4-8584-DBF0D13424E7}.Release|x64.ActiveCfg = Release|Any CPU
		{61E471B3-F5EE-49E4-8584-DBF0D13424E7}.Release|x64.Build.0 = Release|Any CPU
		{61E471B3-F5EE-49E4-8584-DBF0D13424E7}.Release|x86.ActiveCfg = Release|Any CPU
		{61E471B3-F5EE-49E4-8584-DBF0D13424E7}.Release|x86.Build.0 = Release|Any CPU
		{91D655F6-2646-458A-BFAB-D5714E97AB4B}.Debug|Any CPU.ActiveCfg = Debug|Any CPU
		{91D655F6-2646-458A-BFAB-D5714E97AB4B}.Debug|Any CPU.Build.0 = Debug|Any CPU
		{91D655F6-2646-458A-BFAB-D5714E97AB4B}.Debug|x64.ActiveCfg = Debug|Any CPU
		{91D655F6-2646-458A-BFAB-D5714E97AB4B}.Debug|x64.Build.0 = Debug|Any CPU
		{91D655F6-2646-458A-BFAB-D5714E97AB4B}.Debug|x86.ActiveCfg = Debug|Any CPU
		{91D655F6-2646-458A-BFAB-D5714E97AB4B}.Debug|x86.Build.0 = Debug|Any CPU
		{91D655F6-2646-458A-BFAB-D5714E97AB4B}.Release|Any CPU.ActiveCfg = Release|Any CPU
		{91D655F6-2646-458A-BFAB-D5714E97AB4B}.Release|Any CPU.Build.0 = Release|Any CPU
		{91D655F6-2646-458A-BFAB-D5714E97AB4B}.Release|x64.ActiveCfg = Release|Any CPU
		{91D655F6-2646-458A-BFAB-D5714E97AB4B}.Release|x64.Build.0 = Release|Any CPU
		{91D655F6-2646-458A-BFAB-D5714E97AB4B}.Release|x86.ActiveCfg = Release|Any CPU
		{91D655F6-2646-458A-BFAB-D5714E97AB4B}.Release|x86.Build.0 = Release|Any CPU
		{5337DCA4-F105-4033-BF7C-3C2C6591DA8B}.Debug|Any CPU.ActiveCfg = Debug|Any CPU
		{5337DCA4-F105-4033-BF7C-3C2C6591DA8B}.Debug|Any CPU.Build.0 = Debug|Any CPU
		{5337DCA4-F105-4033-BF7C-3C2C6591DA8B}.Debug|x64.ActiveCfg = Debug|Any CPU
		{5337DCA4-F105-4033-BF7C-3C2C6591DA8B}.Debug|x64.Build.0 = Debug|Any CPU
		{5337DCA4-F105-4033-BF7C-3C2C6591DA8B}.Debug|x86.ActiveCfg = Debug|Any CPU
		{5337DCA4-F105-4033-BF7C-3C2C6591DA8B}.Debug|x86.Build.0 = Debug|Any CPU
		{5337DCA4-F105-4033-BF7C-3C2C6591DA8B}.Release|Any CPU.ActiveCfg = Release|Any CPU
		{5337DCA4-F105-4033-BF7C-3C2C6591DA8B}.Release|Any CPU.Build.0 = Release|Any CPU
		{5337DCA4-F105-4033-BF7C-3C2C6591DA8B}.Release|x64.ActiveCfg = Release|Any CPU
		{5337DCA4-F105-4033-BF7C-3C2C6591DA8B}.Release|x64.Build.0 = Release|Any CPU
		{5337DCA4-F105-4033-BF7C-3C2C6591DA8B}.Release|x86.ActiveCfg = Release|Any CPU
		{5337DCA4-F105-4033-BF7C-3C2C6591DA8B}.Release|x86.Build.0 = Release|Any CPU
		{8D4C275A-87C0-47A8-8E89-29C82B8D6B45}.Debug|Any CPU.ActiveCfg = Debug|Any CPU
		{8D4C275A-87C0-47A8-8E89-29C82B8D6B45}.Debug|Any CPU.Build.0 = Debug|Any CPU
		{8D4C275A-87C0-47A8-8E89-29C82B8D6B45}.Debug|x64.ActiveCfg = Debug|Any CPU
		{8D4C275A-87C0-47A8-8E89-29C82B8D6B45}.Debug|x64.Build.0 = Debug|Any CPU
		{8D4C275A-87C0-47A8-8E89-29C82B8D6B45}.Debug|x86.ActiveCfg = Debug|Any CPU
		{8D4C275A-87C0-47A8-8E89-29C82B8D6B45}.Debug|x86.Build.0 = Debug|Any CPU
		{8D4C275A-87C0-47A8-8E89-29C82B8D6B45}.Release|Any CPU.ActiveCfg = Release|Any CPU
		{8D4C275A-87C0-47A8-8E89-29C82B8D6B45}.Release|Any CPU.Build.0 = Release|Any CPU
		{8D4C275A-87C0-47A8-8E89-29C82B8D6B45}.Release|x64.ActiveCfg = Release|Any CPU
		{8D4C275A-87C0-47A8-8E89-29C82B8D6B45}.Release|x64.Build.0 = Release|Any CPU
		{8D4C275A-87C0-47A8-8E89-29C82B8D6B45}.Release|x86.ActiveCfg = Release|Any CPU
		{8D4C275A-87C0-47A8-8E89-29C82B8D6B45}.Release|x86.Build.0 = Release|Any CPU
		{2AF4C4AB-256C-4FF0-BFE8-347C4EE6037A}.Debug|Any CPU.ActiveCfg = Debug|Any CPU
		{2AF4C4AB-256C-4FF0-BFE8-347C4EE6037A}.Debug|Any CPU.Build.0 = Debug|Any CPU
		{2AF4C4AB-256C-4FF0-BFE8-347C4EE6037A}.Debug|x64.ActiveCfg = Debug|Any CPU
		{2AF4C4AB-256C-4FF0-BFE8-347C4EE6037A}.Debug|x64.Build.0 = Debug|Any CPU
		{2AF4C4AB-256C-4FF0-BFE8-347C4EE6037A}.Debug|x86.ActiveCfg = Debug|Any CPU
		{2AF4C4AB-256C-4FF0-BFE8-347C4EE6037A}.Debug|x86.Build.0 = Debug|Any CPU
		{2AF4C4AB-256C-4FF0-BFE8-347C4EE6037A}.Release|Any CPU.ActiveCfg = Release|Any CPU
		{2AF4C4AB-256C-4FF0-BFE8-347C4EE6037A}.Release|Any CPU.Build.0 = Release|Any CPU
		{2AF4C4AB-256C-4FF0-BFE8-347C4EE6037A}.Release|x64.ActiveCfg = Release|Any CPU
		{2AF4C4AB-256C-4FF0-BFE8-347C4EE6037A}.Release|x64.Build.0 = Release|Any CPU
		{2AF4C4AB-256C-4FF0-BFE8-347C4EE6037A}.Release|x86.ActiveCfg = Release|Any CPU
		{2AF4C4AB-256C-4FF0-BFE8-347C4EE6037A}.Release|x86.Build.0 = Release|Any CPU
	EndGlobalSection
	GlobalSection(SolutionProperties) = preSolution
		HideSolutionNode = FALSE
	EndGlobalSection
	GlobalSection(NestedProjects) = preSolution
		{A8AB02D4-0324-4A90-8522-DC3F7AA6D8D8} = {827E0CD3-B72D-47B6-A68D-7590B98EB39B}
		{61E471B3-F5EE-49E4-8584-DBF0D13424E7} = {827E0CD3-B72D-47B6-A68D-7590B98EB39B}
		{91D655F6-2646-458A-BFAB-D5714E97AB4B} = {827E0CD3-B72D-47B6-A68D-7590B98EB39B}
		{5337DCA4-F105-4033-BF7C-3C2C6591DA8B} = {827E0CD3-B72D-47B6-A68D-7590B98EB39B}
		{8D4C275A-87C0-47A8-8E89-29C82B8D6B45} = {0AB3BF05-4346-4AA6-1389-037BE0695223}
		{2AF4C4AB-256C-4FF0-BFE8-347C4EE6037A} = {0AB3BF05-4346-4AA6-1389-037BE0695223}
	EndGlobalSection
EndGlobal
